// !$*UTF8*$!
{
	archiveVersion = 1;
	classes = {
	};
	objectVersion = 46;
	objects = {

/* Begin PBXBuildFile section */
		131708951B4F19490087FB3B /* CreateAccount.m in Sources */ = {isa = PBXBuildFile; fileRef = 131708941B4F19490087FB3B /* CreateAccount.m */; };
		1317089E1B4F565B0087FB3B /* UIUtils.m in Sources */ = {isa = PBXBuildFile; fileRef = 1317089D1B4F565B0087FB3B /* UIUtils.m */; };
		1328007B1B506AA900DEB55B /* AccountViewController.m in Sources */ = {isa = PBXBuildFile; fileRef = 1328007A1B506AA900DEB55B /* AccountViewController.m */; };
		132800821B5087A600DEB55B /* Main.storyboard in Resources */ = {isa = PBXBuildFile; fileRef = 132800811B5087A600DEB55B /* Main.storyboard */; };
		132800861B508E0300DEB55B /* Models.m in Sources */ = {isa = PBXBuildFile; fileRef = 132800851B508E0300DEB55B /* Models.m */; };
		132800891B50977100DEB55B /* AnalyticsViewController.m in Sources */ = {isa = PBXBuildFile; fileRef = 132800881B50977100DEB55B /* AnalyticsViewController.m */; };
		1328008C1B50C94000DEB55B /* CampaignKeywordsViewController.m in Sources */ = {isa = PBXBuildFile; fileRef = 1328008B1B50C94000DEB55B /* CampaignKeywordsViewController.m */; };
		1328008E1B50CA1D00DEB55B /* Campaign.storyboard in Resources */ = {isa = PBXBuildFile; fileRef = 1328008D1B50CA1D00DEB55B /* Campaign.storyboard */; };
		132800911B50CD1300DEB55B /* CampaignPlatformViewController.m in Sources */ = {isa = PBXBuildFile; fileRef = 132800901B50CD1300DEB55B /* CampaignPlatformViewController.m */; };
		132800931B50D33F00DEB55B /* Account.storyboard in Resources */ = {isa = PBXBuildFile; fileRef = 132800921B50D33F00DEB55B /* Account.storyboard */; };
		132800951B50D38400DEB55B /* Analytics.storyboard in Resources */ = {isa = PBXBuildFile; fileRef = 132800941B50D38400DEB55B /* Analytics.storyboard */; };
		132800981B50DDB000DEB55B /* GeneralViewController.m in Sources */ = {isa = PBXBuildFile; fileRef = 132800971B50DDB000DEB55B /* GeneralViewController.m */; };
		13467F031B5040E5004D9DB0 /* RootViewController.m in Sources */ = {isa = PBXBuildFile; fileRef = 13467F021B5040E5004D9DB0 /* RootViewController.m */; };
		13467F071B504481004D9DB0 /* MenuViewController.m in Sources */ = {isa = PBXBuildFile; fileRef = 13467F061B504481004D9DB0 /* MenuViewController.m */; };
		13467F0A1B504725004D9DB0 /* NavigationController.m in Sources */ = {isa = PBXBuildFile; fileRef = 13467F091B504725004D9DB0 /* NavigationController.m */; };
		13467F0C1B504B25004D9DB0 /* profile.png in Resources */ = {isa = PBXBuildFile; fileRef = 13467F0B1B504B25004D9DB0 /* profile.png */; };
		13467F151B50529E004D9DB0 /* CampaignViewController.m in Sources */ = {isa = PBXBuildFile; fileRef = 13467F141B50529E004D9DB0 /* CampaignViewController.m */; };
		137C65141B4EDEA900C6861F /* main.m in Sources */ = {isa = PBXBuildFile; fileRef = 137C65131B4EDEA900C6861F /* main.m */; };
		137C65171B4EDEA900C6861F /* AppDelegate.m in Sources */ = {isa = PBXBuildFile; fileRef = 137C65161B4EDEA900C6861F /* AppDelegate.m */; };
		137C651A1B4EDEA900C6861F /* ViewController.m in Sources */ = {isa = PBXBuildFile; fileRef = 137C65191B4EDEA900C6861F /* ViewController.m */; };
		137C651F1B4EDEA900C6861F /* Images.xcassets in Resources */ = {isa = PBXBuildFile; fileRef = 137C651E1B4EDEA900C6861F /* Images.xcassets */; };
		137C65221B4EDEA900C6861F /* LaunchScreen.xib in Resources */ = {isa = PBXBuildFile; fileRef = 137C65201B4EDEA900C6861F /* LaunchScreen.xib */; };
		137C652E1B4EDEAA00C6861F /* FTYTests.m in Sources */ = {isa = PBXBuildFile; fileRef = 137C652D1B4EDEAA00C6861F /* FTYTests.m */; };
		DDB8FD4CADE1DDC9AC481A07 /* libPods-FTY.a in Frameworks */ = {isa = PBXBuildFile; fileRef = 6DB318E8BAE5FAF79D70D9ED /* libPods-FTY.a */; };
/* End PBXBuildFile section */

/* Begin PBXContainerItemProxy section */
		137C65281B4EDEAA00C6861F /* PBXContainerItemProxy */ = {
			isa = PBXContainerItemProxy;
			containerPortal = 137C65061B4EDEA900C6861F /* Project object */;
			proxyType = 1;
			remoteGlobalIDString = 137C650D1B4EDEA900C6861F;
			remoteInfo = FTY;
		};
/* End PBXContainerItemProxy section */

/* Begin PBXFileReference section */
		131708931B4F19490087FB3B /* CreateAccount.h */ = {isa = PBXFileReference; fileEncoding = 4; lastKnownFileType = sourcecode.c.h; path = CreateAccount.h; sourceTree = "<group>"; };
		131708941B4F19490087FB3B /* CreateAccount.m */ = {isa = PBXFileReference; fileEncoding = 4; lastKnownFileType = sourcecode.c.objc; path = CreateAccount.m; sourceTree = "<group>"; };
		1317089C1B4F565B0087FB3B /* UIUtils.h */ = {isa = PBXFileReference; fileEncoding = 4; lastKnownFileType = sourcecode.c.h; path = UIUtils.h; sourceTree = "<group>"; };
		1317089D1B4F565B0087FB3B /* UIUtils.m */ = {isa = PBXFileReference; fileEncoding = 4; lastKnownFileType = sourcecode.c.objc; path = UIUtils.m; sourceTree = "<group>"; };
		132800791B506AA900DEB55B /* AccountViewController.h */ = {isa = PBXFileReference; fileEncoding = 4; lastKnownFileType = sourcecode.c.h; path = AccountViewController.h; sourceTree = "<group>"; };
		1328007A1B506AA900DEB55B /* AccountViewController.m */ = {isa = PBXFileReference; fileEncoding = 4; lastKnownFileType = sourcecode.c.objc; path = AccountViewController.m; sourceTree = "<group>"; };
		132800811B5087A600DEB55B /* Main.storyboard */ = {isa = PBXFileReference; fileEncoding = 4; lastKnownFileType = file.storyboard; path = Main.storyboard; sourceTree = "<group>"; };
		132800841B508E0300DEB55B /* Models.h */ = {isa = PBXFileReference; fileEncoding = 4; lastKnownFileType = sourcecode.c.h; path = Models.h; sourceTree = "<group>"; };
		132800851B508E0300DEB55B /* Models.m */ = {isa = PBXFileReference; fileEncoding = 4; lastKnownFileType = sourcecode.c.objc; path = Models.m; sourceTree = "<group>"; };
		132800871B50977100DEB55B /* AnalyticsViewController.h */ = {isa = PBXFileReference; fileEncoding = 4; lastKnownFileType = sourcecode.c.h; path = AnalyticsViewController.h; sourceTree = "<group>"; };
		132800881B50977100DEB55B /* AnalyticsViewController.m */ = {isa = PBXFileReference; fileEncoding = 4; lastKnownFileType = sourcecode.c.objc; path = AnalyticsViewController.m; sourceTree = "<group>"; };
		1328008A1B50C94000DEB55B /* CampaignKeywordsViewController.h */ = {isa = PBXFileReference; fileEncoding = 4; lastKnownFileType = sourcecode.c.h; path = CampaignKeywordsViewController.h; sourceTree = "<group>"; };
		1328008B1B50C94000DEB55B /* CampaignKeywordsViewController.m */ = {isa = PBXFileReference; fileEncoding = 4; lastKnownFileType = sourcecode.c.objc; path = CampaignKeywordsViewController.m; sourceTree = "<group>"; };
		1328008D1B50CA1D00DEB55B /* Campaign.storyboard */ = {isa = PBXFileReference; fileEncoding = 4; lastKnownFileType = file.storyboard; path = Campaign.storyboard; sourceTree = "<group>"; };
		1328008F1B50CD1300DEB55B /* CampaignPlatformViewController.h */ = {isa = PBXFileReference; fileEncoding = 4; lastKnownFileType = sourcecode.c.h; path = CampaignPlatformViewController.h; sourceTree = "<group>"; };
		132800901B50CD1300DEB55B /* CampaignPlatformViewController.m */ = {isa = PBXFileReference; fileEncoding = 4; lastKnownFileType = sourcecode.c.objc; path = CampaignPlatformViewController.m; sourceTree = "<group>"; };
		132800921B50D33F00DEB55B /* Account.storyboard */ = {isa = PBXFileReference; fileEncoding = 4; lastKnownFileType = file.storyboard; path = Account.storyboard; sourceTree = "<group>"; };
		132800941B50D38400DEB55B /* Analytics.storyboard */ = {isa = PBXFileReference; fileEncoding = 4; lastKnownFileType = file.storyboard; path = Analytics.storyboard; sourceTree = "<group>"; };
		132800961B50DDB000DEB55B /* GeneralViewController.h */ = {isa = PBXFileReference; fileEncoding = 4; lastKnownFileType = sourcecode.c.h; path = GeneralViewController.h; sourceTree = "<group>"; };
		132800971B50DDB000DEB55B /* GeneralViewController.m */ = {isa = PBXFileReference; fileEncoding = 4; lastKnownFileType = sourcecode.c.objc; path = GeneralViewController.m; sourceTree = "<group>"; };
		13467F011B5040E5004D9DB0 /* RootViewController.h */ = {isa = PBXFileReference; fileEncoding = 4; lastKnownFileType = sourcecode.c.h; path = RootViewController.h; sourceTree = "<group>"; };
		13467F021B5040E5004D9DB0 /* RootViewController.m */ = {isa = PBXFileReference; fileEncoding = 4; lastKnownFileType = sourcecode.c.objc; path = RootViewController.m; sourceTree = "<group>"; };
		13467F051B504481004D9DB0 /* MenuViewController.h */ = {isa = PBXFileReference; fileEncoding = 4; lastKnownFileType = sourcecode.c.h; path = MenuViewController.h; sourceTree = "<group>"; };
		13467F061B504481004D9DB0 /* MenuViewController.m */ = {isa = PBXFileReference; fileEncoding = 4; lastKnownFileType = sourcecode.c.objc; path = MenuViewController.m; sourceTree = "<group>"; };
		13467F081B504725004D9DB0 /* NavigationController.h */ = {isa = PBXFileReference; fileEncoding = 4; lastKnownFileType = sourcecode.c.h; path = NavigationController.h; sourceTree = "<group>"; };
		13467F091B504725004D9DB0 /* NavigationController.m */ = {isa = PBXFileReference; fileEncoding = 4; lastKnownFileType = sourcecode.c.objc; path = NavigationController.m; sourceTree = "<group>"; };
		13467F0B1B504B25004D9DB0 /* profile.png */ = {isa = PBXFileReference; lastKnownFileType = image.png; path = profile.png; sourceTree = "<group>"; };
		13467F131B50529E004D9DB0 /* CampaignViewController.h */ = {isa = PBXFileReference; fileEncoding = 4; lastKnownFileType = sourcecode.c.h; path = CampaignViewController.h; sourceTree = "<group>"; };
		13467F141B50529E004D9DB0 /* CampaignViewController.m */ = {isa = PBXFileReference; fileEncoding = 4; lastKnownFileType = sourcecode.c.objc; path = CampaignViewController.m; sourceTree = "<group>"; };
		137C650E1B4EDEA900C6861F /* FTY.app */ = {isa = PBXFileReference; explicitFileType = wrapper.application; includeInIndex = 0; path = FTY.app; sourceTree = BUILT_PRODUCTS_DIR; };
		137C65121B4EDEA900C6861F /* Info.plist */ = {isa = PBXFileReference; lastKnownFileType = text.plist.xml; path = Info.plist; sourceTree = "<group>"; };
		137C65131B4EDEA900C6861F /* main.m */ = {isa = PBXFileReference; lastKnownFileType = sourcecode.c.objc; path = main.m; sourceTree = "<group>"; };
		137C65151B4EDEA900C6861F /* AppDelegate.h */ = {isa = PBXFileReference; lastKnownFileType = sourcecode.c.h; path = AppDelegate.h; sourceTree = "<group>"; };
		137C65161B4EDEA900C6861F /* AppDelegate.m */ = {isa = PBXFileReference; lastKnownFileType = sourcecode.c.objc; path = AppDelegate.m; sourceTree = "<group>"; };
		137C65181B4EDEA900C6861F /* ViewController.h */ = {isa = PBXFileReference; lastKnownFileType = sourcecode.c.h; path = ViewController.h; sourceTree = "<group>"; };
		137C65191B4EDEA900C6861F /* ViewController.m */ = {isa = PBXFileReference; lastKnownFileType = sourcecode.c.objc; path = ViewController.m; sourceTree = "<group>"; };
		137C651E1B4EDEA900C6861F /* Images.xcassets */ = {isa = PBXFileReference; lastKnownFileType = folder.assetcatalog; path = Images.xcassets; sourceTree = "<group>"; };
		137C65211B4EDEA900C6861F /* Base */ = {isa = PBXFileReference; lastKnownFileType = file.xib; name = Base; path = Base.lproj/LaunchScreen.xib; sourceTree = "<group>"; };
		137C65271B4EDEAA00C6861F /* FTYTests.xctest */ = {isa = PBXFileReference; explicitFileType = wrapper.cfbundle; includeInIndex = 0; path = FTYTests.xctest; sourceTree = BUILT_PRODUCTS_DIR; };
		137C652C1B4EDEAA00C6861F /* Info.plist */ = {isa = PBXFileReference; lastKnownFileType = text.plist.xml; path = Info.plist; sourceTree = "<group>"; };
		137C652D1B4EDEAA00C6861F /* FTYTests.m */ = {isa = PBXFileReference; lastKnownFileType = sourcecode.c.objc; path = FTYTests.m; sourceTree = "<group>"; };
		55F88979DD166D7A3E8C76ED /* Pods-FTY.debug.xcconfig */ = {isa = PBXFileReference; includeInIndex = 1; lastKnownFileType = text.xcconfig; name = "Pods-FTY.debug.xcconfig"; path = "Pods/Target Support Files/Pods-FTY/Pods-FTY.debug.xcconfig"; sourceTree = "<group>"; };
		6DB318E8BAE5FAF79D70D9ED /* libPods-FTY.a */ = {isa = PBXFileReference; explicitFileType = archive.ar; includeInIndex = 0; path = "libPods-FTY.a"; sourceTree = BUILT_PRODUCTS_DIR; };
		CDCB7A9CDFFC75705CC5D6D9 /* Pods-FTY.release.xcconfig */ = {isa = PBXFileReference; includeInIndex = 1; lastKnownFileType = text.xcconfig; name = "Pods-FTY.release.xcconfig"; path = "Pods/Target Support Files/Pods-FTY/Pods-FTY.release.xcconfig"; sourceTree = "<group>"; };
/* End PBXFileReference section */

/* Begin PBXFrameworksBuildPhase section */
		137C650B1B4EDEA900C6861F /* Frameworks */ = {
			isa = PBXFrameworksBuildPhase;
			buildActionMask = 2147483647;
			files = (
				DDB8FD4CADE1DDC9AC481A07 /* libPods-FTY.a in Frameworks */,
			);
			runOnlyForDeploymentPostprocessing = 0;
		};
		137C65241B4EDEAA00C6861F /* Frameworks */ = {
			isa = PBXFrameworksBuildPhase;
			buildActionMask = 2147483647;
			files = (
			);
			runOnlyForDeploymentPostprocessing = 0;
		};
/* End PBXFrameworksBuildPhase section */

/* Begin PBXGroup section */
		131708961B4F19530087FB3B /* CreateAccount */ = {
			isa = PBXGroup;
			children = (
				131708931B4F19490087FB3B /* CreateAccount.h */,
				131708941B4F19490087FB3B /* CreateAccount.m */,
			);
			name = CreateAccount;
			sourceTree = "<group>";
		};
		131708971B4F1A540087FB3B /* Login */ = {
			isa = PBXGroup;
			children = (
				137C65181B4EDEA900C6861F /* ViewController.h */,
				137C65191B4EDEA900C6861F /* ViewController.m */,
			);
			name = Login;
			sourceTree = "<group>";
		};
		1317089B1B4F26D60087FB3B /* Utils */ = {
			isa = PBXGroup;
			children = (
				1317089C1B4F565B0087FB3B /* UIUtils.h */,
				1317089D1B4F565B0087FB3B /* UIUtils.m */,
			);
			name = Utils;
			sourceTree = "<group>";
		};
		132800831B508DCB00DEB55B /* Models */ = {
			isa = PBXGroup;
			children = (
				132800841B508E0300DEB55B /* Models.h */,
				132800851B508E0300DEB55B /* Models.m */,
			);
			name = Models;
			sourceTree = "<group>";
		};
		13467F041B5040F1004D9DB0 /* REFrosted */ = {
			isa = PBXGroup;
			children = (
				13467F0B1B504B25004D9DB0 /* profile.png */,
				13467F011B5040E5004D9DB0 /* RootViewController.h */,
				13467F021B5040E5004D9DB0 /* RootViewController.m */,
				13467F051B504481004D9DB0 /* MenuViewController.h */,
				13467F061B504481004D9DB0 /* MenuViewController.m */,
				13467F081B504725004D9DB0 /* NavigationController.h */,
				13467F091B504725004D9DB0 /* NavigationController.m */,
			);
			name = REFrosted;
			sourceTree = "<group>";
		};
		13467F0D1B504E5F004D9DB0 /* Account */ = {
			isa = PBXGroup;
			children = (
				132800921B50D33F00DEB55B /* Account.storyboard */,
				132800791B506AA900DEB55B /* AccountViewController.h */,
				1328007A1B506AA900DEB55B /* AccountViewController.m */,
				131708971B4F1A540087FB3B /* Login */,
				131708961B4F19530087FB3B /* CreateAccount */,
			);
			name = Account;
			sourceTree = "<group>";
		};
		13467F0E1B504E6E004D9DB0 /* Campaign */ = {
			isa = PBXGroup;
			children = (
				1328008D1B50CA1D00DEB55B /* Campaign.storyboard */,
				13467F131B50529E004D9DB0 /* CampaignViewController.h */,
				13467F141B50529E004D9DB0 /* CampaignViewController.m */,
				1328008A1B50C94000DEB55B /* CampaignKeywordsViewController.h */,
				1328008B1B50C94000DEB55B /* CampaignKeywordsViewController.m */,
				1328008F1B50CD1300DEB55B /* CampaignPlatformViewController.h */,
				132800901B50CD1300DEB55B /* CampaignPlatformViewController.m */,
			);
			name = Campaign;
			sourceTree = "<group>";
		};
		13467F0F1B504E76004D9DB0 /* Analytics */ = {
			isa = PBXGroup;
			children = (
				132800941B50D38400DEB55B /* Analytics.storyboard */,
				132800871B50977100DEB55B /* AnalyticsViewController.h */,
				132800881B50977100DEB55B /* AnalyticsViewController.m */,
			);
			name = Analytics;
			sourceTree = "<group>";
		};
		137C65051B4EDEA900C6861F = {
			isa = PBXGroup;
			children = (
				137C65101B4EDEA900C6861F /* FTY */,
				137C652A1B4EDEAA00C6861F /* FTYTests */,
				137C650F1B4EDEA900C6861F /* Products */,
				8DF0B4A71182632F38CB3F4D /* Pods */,
				DE32E9A667FE695451E2153A /* Frameworks */,
			);
			sourceTree = "<group>";
		};
		137C650F1B4EDEA900C6861F /* Products */ = {
			isa = PBXGroup;
			children = (
				137C650E1B4EDEA900C6861F /* FTY.app */,
				137C65271B4EDEAA00C6861F /* FTYTests.xctest */,
			);
			name = Products;
			sourceTree = "<group>";
		};
		137C65101B4EDEA900C6861F /* FTY */ = {
			isa = PBXGroup;
			children = (
				132800961B50DDB000DEB55B /* GeneralViewController.h */,
				132800971B50DDB000DEB55B /* GeneralViewController.m */,
				132800811B5087A600DEB55B /* Main.storyboard */,
				137C65151B4EDEA900C6861F /* AppDelegate.h */,
				137C65161B4EDEA900C6861F /* AppDelegate.m */,
				132800831B508DCB00DEB55B /* Models */,
				13467F0F1B504E76004D9DB0 /* Analytics */,
				13467F0E1B504E6E004D9DB0 /* Campaign */,
				13467F0D1B504E5F004D9DB0 /* Account */,
				13467F041B5040F1004D9DB0 /* REFrosted */,
				1317089B1B4F26D60087FB3B /* Utils */,
				137C651E1B4EDEA900C6861F /* Images.xcassets */,
				137C65201B4EDEA900C6861F /* LaunchScreen.xib */,
				137C65111B4EDEA900C6861F /* Supporting Files */,
			);
			path = FTY;
			sourceTree = "<group>";
		};
		137C65111B4EDEA900C6861F /* Supporting Files */ = {
			isa = PBXGroup;
			children = (
				137C65121B4EDEA900C6861F /* Info.plist */,
				137C65131B4EDEA900C6861F /* main.m */,
			);
			name = "Supporting Files";
			sourceTree = "<group>";
		};
		137C652A1B4EDEAA00C6861F /* FTYTests */ = {
			isa = PBXGroup;
			children = (
				137C652D1B4EDEAA00C6861F /* FTYTests.m */,
				137C652B1B4EDEAA00C6861F /* Supporting Files */,
			);
			path = FTYTests;
			sourceTree = "<group>";
		};
		137C652B1B4EDEAA00C6861F /* Supporting Files */ = {
			isa = PBXGroup;
			children = (
				137C652C1B4EDEAA00C6861F /* Info.plist */,
			);
			name = "Supporting Files";
			sourceTree = "<group>";
		};
		8DF0B4A71182632F38CB3F4D /* Pods */ = {
			isa = PBXGroup;
			children = (
				55F88979DD166D7A3E8C76ED /* Pods-FTY.debug.xcconfig */,
				CDCB7A9CDFFC75705CC5D6D9 /* Pods-FTY.release.xcconfig */,
			);
			name = Pods;
			sourceTree = "<group>";
		};
		DE32E9A667FE695451E2153A /* Frameworks */ = {
			isa = PBXGroup;
			children = (
				6DB318E8BAE5FAF79D70D9ED /* libPods-FTY.a */,
			);
			name = Frameworks;
			sourceTree = "<group>";
		};
/* End PBXGroup section */

/* Begin PBXNativeTarget section */
		137C650D1B4EDEA900C6861F /* FTY */ = {
			isa = PBXNativeTarget;
			buildConfigurationList = 137C65311B4EDEAA00C6861F /* Build configuration list for PBXNativeTarget "FTY" */;
			buildPhases = (
				15A67FDD1A9736A1494D80FC /* Check Pods Manifest.lock */,
				137C650A1B4EDEA900C6861F /* Sources */,
				137C650B1B4EDEA900C6861F /* Frameworks */,
				137C650C1B4EDEA900C6861F /* Resources */,
				91E68B140A51A8C249A79FD0 /* Copy Pods Resources */,
			);
			buildRules = (
			);
			dependencies = (
			);
			name = FTY;
			productName = FTY;
			productReference = 137C650E1B4EDEA900C6861F /* FTY.app */;
			productType = "com.apple.product-type.application";
		};
		137C65261B4EDEAA00C6861F /* FTYTests */ = {
			isa = PBXNativeTarget;
			buildConfigurationList = 137C65341B4EDEAA00C6861F /* Build configuration list for PBXNativeTarget "FTYTests" */;
			buildPhases = (
				137C65231B4EDEAA00C6861F /* Sources */,
				137C65241B4EDEAA00C6861F /* Frameworks */,
				137C65251B4EDEAA00C6861F /* Resources */,
			);
			buildRules = (
			);
			dependencies = (
				137C65291B4EDEAA00C6861F /* PBXTargetDependency */,
			);
			name = FTYTests;
			productName = FTYTests;
			productReference = 137C65271B4EDEAA00C6861F /* FTYTests.xctest */;
			productType = "com.apple.product-type.bundle.unit-test";
		};
/* End PBXNativeTarget section */

/* Begin PBXProject section */
		137C65061B4EDEA900C6861F /* Project object */ = {
			isa = PBXProject;
			attributes = {
				LastUpgradeCheck = 0640;
				ORGANIZATIONNAME = XiaoYao;
				TargetAttributes = {
					137C650D1B4EDEA900C6861F = {
						CreatedOnToolsVersion = 6.4;
					};
					137C65261B4EDEAA00C6861F = {
						CreatedOnToolsVersion = 6.4;
						TestTargetID = 137C650D1B4EDEA900C6861F;
					};
				};
			};
			buildConfigurationList = 137C65091B4EDEA900C6861F /* Build configuration list for PBXProject "FTY" */;
			compatibilityVersion = "Xcode 3.2";
			developmentRegion = English;
			hasScannedForEncodings = 0;
			knownRegions = (
				en,
				Base,
			);
			mainGroup = 137C65051B4EDEA900C6861F;
			productRefGroup = 137C650F1B4EDEA900C6861F /* Products */;
			projectDirPath = "";
			projectRoot = "";
			targets = (
				137C650D1B4EDEA900C6861F /* FTY */,
				137C65261B4EDEAA00C6861F /* FTYTests */,
			);
		};
/* End PBXProject section */

/* Begin PBXResourcesBuildPhase section */
		137C650C1B4EDEA900C6861F /* Resources */ = {
			isa = PBXResourcesBuildPhase;
			buildActionMask = 2147483647;
			files = (
				13467F0C1B504B25004D9DB0 /* profile.png in Resources */,
				1328008E1B50CA1D00DEB55B /* Campaign.storyboard in Resources */,
				137C65221B4EDEA900C6861F /* LaunchScreen.xib in Resources */,
				137C651F1B4EDEA900C6861F /* Images.xcassets in Resources */,
				132800951B50D38400DEB55B /* Analytics.storyboard in Resources */,
				132800931B50D33F00DEB55B /* Account.storyboard in Resources */,
				132800821B5087A600DEB55B /* Main.storyboard in Resources */,
			);
			runOnlyForDeploymentPostprocessing = 0;
		};
		137C65251B4EDEAA00C6861F /* Resources */ = {
			isa = PBXResourcesBuildPhase;
			buildActionMask = 2147483647;
			files = (
			);
			runOnlyForDeploymentPostprocessing = 0;
		};
/* End PBXResourcesBuildPhase section */

/* Begin PBXShellScriptBuildPhase section */
		15A67FDD1A9736A1494D80FC /* Check Pods Manifest.lock */ = {
			isa = PBXShellScriptBuildPhase;
			buildActionMask = 2147483647;
			files = (
			);
			inputPaths = (
			);
			name = "Check Pods Manifest.lock";
			outputPaths = (
			);
			runOnlyForDeploymentPostprocessing = 0;
			shellPath = /bin/sh;
			shellScript = "diff \"${PODS_ROOT}/../Podfile.lock\" \"${PODS_ROOT}/Manifest.lock\" > /dev/null\nif [[ $? != 0 ]] ; then\n    cat << EOM\nerror: The sandbox is not in sync with the Podfile.lock. Run 'pod install' or update your CocoaPods installation.\nEOM\n    exit 1\nfi\n";
			showEnvVarsInLog = 0;
		};
		91E68B140A51A8C249A79FD0 /* Copy Pods Resources */ = {
			isa = PBXShellScriptBuildPhase;
			buildActionMask = 2147483647;
			files = (
			);
			inputPaths = (
			);
			name = "Copy Pods Resources";
			outputPaths = (
			);
			runOnlyForDeploymentPostprocessing = 0;
			shellPath = /bin/sh;
			shellScript = "\"${SRCROOT}/Pods/Target Support Files/Pods-FTY/Pods-FTY-resources.sh\"\n";
			showEnvVarsInLog = 0;
		};
/* End PBXShellScriptBuildPhase section */

/* Begin PBXSourcesBuildPhase section */
		137C650A1B4EDEA900C6861F /* Sources */ = {
			isa = PBXSourcesBuildPhase;
			buildActionMask = 2147483647;
			files = (
				137C651A1B4EDEA900C6861F /* ViewController.m in Sources */,
				132800981B50DDB000DEB55B /* GeneralViewController.m in Sources */,
				13467F031B5040E5004D9DB0 /* RootViewController.m in Sources */,
				137C65171B4EDEA900C6861F /* AppDelegate.m in Sources */,
				132800891B50977100DEB55B /* AnalyticsViewController.m in Sources */,
				13467F0A1B504725004D9DB0 /* NavigationController.m in Sources */,
				13467F071B504481004D9DB0 /* MenuViewController.m in Sources */,
				137C65141B4EDEA900C6861F /* main.m in Sources */,
				132800861B508E0300DEB55B /* Models.m in Sources */,
				1328008C1B50C94000DEB55B /* CampaignKeywordsViewController.m in Sources */,
				13467F151B50529E004D9DB0 /* CampaignViewController.m in Sources */,
				132800911B50CD1300DEB55B /* CampaignPlatformViewController.m in Sources */,
				131708951B4F19490087FB3B /* CreateAccount.m in Sources */,
				1328007B1B506AA900DEB55B /* AccountViewController.m in Sources */,
				1317089E1B4F565B0087FB3B /* UIUtils.m in Sources */,
			);
			runOnlyForDeploymentPostprocessing = 0;
		};
		137C65231B4EDEAA00C6861F /* Sources */ = {
			isa = PBXSourcesBuildPhase;
			buildActionMask = 2147483647;
			files = (
				137C652E1B4EDEAA00C6861F /* FTYTests.m in Sources */,
			);
			runOnlyForDeploymentPostprocessing = 0;
		};
/* End PBXSourcesBuildPhase section */

/* Begin PBXTargetDependency section */
		137C65291B4EDEAA00C6861F /* PBXTargetDependency */ = {
			isa = PBXTargetDependency;
			target = 137C650D1B4EDEA900C6861F /* FTY */;
			targetProxy = 137C65281B4EDEAA00C6861F /* PBXContainerItemProxy */;
		};
/* End PBXTargetDependency section */

/* Begin PBXVariantGroup section */
		137C65201B4EDEA900C6861F /* LaunchScreen.xib */ = {
			isa = PBXVariantGroup;
			children = (
				137C65211B4EDEA900C6861F /* Base */,
			);
			name = LaunchScreen.xib;
			sourceTree = "<group>";
		};
/* End PBXVariantGroup section */

/* Begin XCBuildConfiguration section */
		137C652F1B4EDEAA00C6861F /* Debug */ = {
			isa = XCBuildConfiguration;
			buildSettings = {
				ALWAYS_SEARCH_USER_PATHS = NO;
				CLANG_CXX_LANGUAGE_STANDARD = "gnu++0x";
				CLANG_CXX_LIBRARY = "libc++";
				CLANG_ENABLE_MODULES = YES;
				CLANG_ENABLE_OBJC_ARC = YES;
				CLANG_WARN_BOOL_CONVERSION = YES;
				CLANG_WARN_CONSTANT_CONVERSION = YES;
				CLANG_WARN_DIRECT_OBJC_ISA_USAGE = YES_ERROR;
				CLANG_WARN_EMPTY_BODY = YES;
				CLANG_WARN_ENUM_CONVERSION = YES;
				CLANG_WARN_INT_CONVERSION = YES;
				CLANG_WARN_OBJC_ROOT_CLASS = YES_ERROR;
				CLANG_WARN_UNREACHABLE_CODE = YES;
				CLANG_WARN__DUPLICATE_METHOD_MATCH = YES;
				"CODE_SIGN_IDENTITY[sdk=iphoneos*]" = "iPhone Developer";
				COPY_PHASE_STRIP = NO;
				DEBUG_INFORMATION_FORMAT = "dwarf-with-dsym";
				ENABLE_STRICT_OBJC_MSGSEND = YES;
				GCC_C_LANGUAGE_STANDARD = gnu99;
				GCC_DYNAMIC_NO_PIC = NO;
				GCC_NO_COMMON_BLOCKS = YES;
				GCC_OPTIMIZATION_LEVEL = 0;
				GCC_PREPROCESSOR_DEFINITIONS = (
					"DEBUG=1",
					"$(inherited)",
				);
				GCC_SYMBOLS_PRIVATE_EXTERN = NO;
				GCC_WARN_64_TO_32_BIT_CONVERSION = YES;
				GCC_WARN_ABOUT_RETURN_TYPE = YES_ERROR;
				GCC_WARN_UNDECLARED_SELECTOR = YES;
				GCC_WARN_UNINITIALIZED_AUTOS = YES_AGGRESSIVE;
				GCC_WARN_UNUSED_FUNCTION = YES;
				GCC_WARN_UNUSED_VARIABLE = YES;
				IPHONEOS_DEPLOYMENT_TARGET = 8.4;
				MTL_ENABLE_DEBUG_INFO = YES;
				ONLY_ACTIVE_ARCH = YES;
				SDKROOT = iphoneos;
			};
			name = Debug;
		};
		137C65301B4EDEAA00C6861F /* Release */ = {
			isa = XCBuildConfiguration;
			buildSettings = {
				ALWAYS_SEARCH_USER_PATHS = NO;
				CLANG_CXX_LANGUAGE_STANDARD = "gnu++0x";
				CLANG_CXX_LIBRARY = "libc++";
				CLANG_ENABLE_MODULES = YES;
				CLANG_ENABLE_OBJC_ARC = YES;
				CLANG_WARN_BOOL_CONVERSION = YES;
				CLANG_WARN_CONSTANT_CONVERSION = YES;
				CLANG_WARN_DIRECT_OBJC_ISA_USAGE = YES_ERROR;
				CLANG_WARN_EMPTY_BODY = YES;
				CLANG_WARN_ENUM_CONVERSION = YES;
				CLANG_WARN_INT_CONVERSION = YES;
				CLANG_WARN_OBJC_ROOT_CLASS = YES_ERROR;
				CLANG_WARN_UNREACHABLE_CODE = YES;
				CLANG_WARN__DUPLICATE_METHOD_MATCH = YES;
				"CODE_SIGN_IDENTITY[sdk=iphoneos*]" = "iPhone Developer";
				COPY_PHASE_STRIP = NO;
				DEBUG_INFORMATION_FORMAT = "dwarf-with-dsym";
				ENABLE_NS_ASSERTIONS = NO;
				ENABLE_STRICT_OBJC_MSGSEND = YES;
				GCC_C_LANGUAGE_STANDARD = gnu99;
				GCC_NO_COMMON_BLOCKS = YES;
				GCC_WARN_64_TO_32_BIT_CONVERSION = YES;
				GCC_WARN_ABOUT_RETURN_TYPE = YES_ERROR;
				GCC_WARN_UNDECLARED_SELECTOR = YES;
				GCC_WARN_UNINITIALIZED_AUTOS = YES_AGGRESSIVE;
				GCC_WARN_UNUSED_FUNCTION = YES;
				GCC_WARN_UNUSED_VARIABLE = YES;
				IPHONEOS_DEPLOYMENT_TARGET = 8.4;
				MTL_ENABLE_DEBUG_INFO = NO;
				SDKROOT = iphoneos;
				VALIDATE_PRODUCT = YES;
			};
			name = Release;
		};
		137C65321B4EDEAA00C6861F /* Debug */ = {
			isa = XCBuildConfiguration;
			baseConfigurationReference = 55F88979DD166D7A3E8C76ED /* Pods-FTY.debug.xcconfig */;
			buildSettings = {
				ASSETCATALOG_COMPILER_APPICON_NAME = AppIcon;
				INFOPLIST_FILE = FTY/Info.plist;
				LD_RUNPATH_SEARCH_PATHS = "$(inherited) @executable_path/Frameworks";
				PRODUCT_NAME = "$(TARGET_NAME)";
			};
			name = Debug;
		};
		137C65331B4EDEAA00C6861F /* Release */ = {
			isa = XCBuildConfiguration;
			baseConfigurationReference = CDCB7A9CDFFC75705CC5D6D9 /* Pods-FTY.release.xcconfig */;
			buildSettings = {
				ASSETCATALOG_COMPILER_APPICON_NAME = AppIcon;
				INFOPLIST_FILE = FTY/Info.plist;
				LD_RUNPATH_SEARCH_PATHS = "$(inherited) @executable_path/Frameworks";
				PRODUCT_NAME = "$(TARGET_NAME)";
			};
			name = Release;
		};
		137C65351B4EDEAA00C6861F /* Debug */ = {
			isa = XCBuildConfiguration;
			buildSettings = {
				BUNDLE_LOADER = "$(TEST_HOST)";
				FRAMEWORK_SEARCH_PATHS = (
					"$(SDKROOT)/Developer/Library/Frameworks",
					"$(inherited)",
				);
				GCC_PREPROCESSOR_DEFINITIONS = (
					"DEBUG=1",
					"$(inherited)",
				);
				INFOPLIST_FILE = FTYTests/Info.plist;
				LD_RUNPATH_SEARCH_PATHS = "$(inherited) @executable_path/Frameworks @loader_path/Frameworks";
				PRODUCT_NAME = "$(TARGET_NAME)";
				TEST_HOST = "$(BUILT_PRODUCTS_DIR)/FTY.app/FTY";
			};
			name = Debug;
		};
		137C65361B4EDEAA00C6861F /* Release */ = {
			isa = XCBuildConfiguration;
			buildSettings = {
				BUNDLE_LOADER = "$(TEST_HOST)";
				FRAMEWORK_SEARCH_PATHS = (
					"$(SDKROOT)/Developer/Library/Frameworks",
					"$(inherited)",
				);
				INFOPLIST_FILE = FTYTests/Info.plist;
				LD_RUNPATH_SEARCH_PATHS = "$(inherited) @executable_path/Frameworks @loader_path/Frameworks";
				PRODUCT_NAME = "$(TARGET_NAME)";
				TEST_HOST = "$(BUILT_PRODUCTS_DIR)/FTY.app/FTY";
			};
			name = Release;
		};
/* End XCBuildConfiguration section */

/* Begin XCConfigurationList section */
		137C65091B4EDEA900C6861F /* Build configuration list for PBXProject "FTY" */ = {
			isa = XCConfigurationList;
			buildConfigurations = (
				137C652F1B4EDEAA00C6861F /* Debug */,
				137C65301B4EDEAA00C6861F /* Release */,
			);
			defaultConfigurationIsVisible = 0;
			defaultConfigurationName = Release;
		};
		137C65311B4EDEAA00C6861F /* Build configuration list for PBXNativeTarget "FTY" */ = {
			isa = XCConfigurationList;
			buildConfigurations = (
				137C65321B4EDEAA00C6861F /* Debug */,
				137C65331B4EDEAA00C6861F /* Release */,
			);
			defaultConfigurationIsVisible = 0;
			defaultConfigurationName = Release;
		};
		137C65341B4EDEAA00C6861F /* Build configuration list for PBXNativeTarget "FTYTests" */ = {
			isa = XCConfigurationList;
			buildConfigurations = (
				137C65351B4EDEAA00C6861F /* Debug */,
				137C65361B4EDEAA00C6861F /* Release */,
			);
			defaultConfigurationIsVisible = 0;
			defaultConfigurationName = Release;
		};
/* End XCConfigurationList section */
	};
	rootObject = 137C65061B4EDEA900C6861F /* Project object */;
}
